{
  "name": "trm-server",
  "lockfileVersion": 3,
  "requires": true,
  "packages": {
    "": {
      "devDependencies": {
        "@abaplint/cli": "^2.119.46"
      }
    },
    "node_modules/@abaplint/cli": {
      "version": "2.119.46",
      "resolved": "https://registry.npmjs.org/@abaplint/cli/-/cli-2.119.46.tgz",
      "integrity": "sha512-aIV6D6x354PanNPrncxrUb4VvDzVrgl5w666591AG59jRUKZX9dXzFbLR9jOEQX1qTex1WN52n3aZVWq9NqBpg==",
      "dev": true,
      "license": "MIT",
      "bin": {
        "abaplint": "abaplint"
      },
      "engines": {
        "node": ">=18.0.0"
      },
      "funding": {
        "url": "https://github.com/sponsors/larshp"
      }
    }
  }
}
